
Microsoft Visual Studio Solution File, Format Version 12.00
# Visual Studio Version 16
VisualStudioVersion = 16.0.30523.141
MinimumVisualStudioVersion = 10.0.40219.1
Project("{FAE04EC0-301F-11D3-BF4B-00C04F79EFBC}") = "WindowsFormsApp3", "WindowsFormsApp3.csproj", "{B9E0CC83-EE28-4B57-ABC7-E5187BB623F1}"
EndProject
Global
	GlobalSection(SolutionConfigurationPlatforms) = preSolution
		Debug|Any CPU = Debug|Any CPU
		Release|Any CPU = Release|Any CPU
	EndGlobalSection
	GlobalSection(ProjectConfigurationPlatforms) = postSolution
		{B9E0CC83-EE28-4B57-ABC7-E5187BB623F1}.Debug|Any CPU.ActiveCfg = Debug|Any CPU
		{B9E0CC83-EE28-4B57-ABC7-E5187BB623F1}.Debug|Any CPU.Build.0 = Debug|Any CPU
		{B9E0CC83-EE28-4B57-ABC7-E5187BB623F1}.Release|Any CPU.ActiveCfg = Release|Any CPU
		{B9E0CC83-EE28-4B57-ABC7-E5187BB623F1}.Release|Any CPU.Build.0 = Release|Any CPU
	EndGlobalSection
	GlobalSection(SolutionProperties) = preSolution
		HideSolutionNode = FALSE
	EndGlobalSection
	GlobalSection(ExtensibilityGlobals) = postSolution
		SolutionGuid = {F56EC1AB-65FE-4B53-8BA2-8F5CC22E11EB}
	EndGlobalSection
EndGlobal
